
Microsoft Visual Studio Solution File, Format Version 12.00
# Visual Studio Version 16
VisualStudioVersion = 16.0.31911.196
MinimumVisualStudioVersion = 10.0.40219.1
Project("{9A19103F-16F7-4668-BE54-9A1E7A4F7556}") = "RegexProject", "RegexProject.csproj", "{E42B4AF0-51BB-4E4D-8180-24B5A7B49E25}"
EndProject
Global
	GlobalSection(SolutionConfigurationPlatforms) = preSolution
		Debug|Any CPU = Debug|Any CPU
		Release|Any CPU = Release|Any CPU
	EndGlobalSection
	GlobalSection(ProjectConfigurationPlatforms) = postSolution
		{E42B4AF0-51BB-4E4D-8180-24B5A7B49E25}.Debug|Any CPU.ActiveCfg = Debug|Any CPU
		{E42B4AF0-51BB-4E4D-8180-24B5A7B49E25}.Debug|Any CPU.Build.0 = Debug|Any CPU
		{E42B4AF0-51BB-4E4D-8180-24B5A7B49E25}.Release|Any CPU.ActiveCfg = Release|Any CPU
		{E42B4AF0-51BB-4E4D-8180-24B5A7B49E25}.Release|Any CPU.Build.0 = Release|Any CPU
	EndGlobalSection
	GlobalSection(SolutionProperties) = preSolution
		HideSolutionNode = FALSE
	EndGlobalSection
	GlobalSection(ExtensibilityGlobals) = postSolution
		SolutionGuid = {85F829B1-71C3-43A7-AF5D-0F1EA30490BF}
	EndGlobalSection
EndGlobal
